// !$*UTF8*$!
{
	archiveVersion = 1;
	classes = {
	};
	objectVersion = 50;
	objects = {

/* Begin PBXBuildFile section */
		F39FFBA2215220E2007D83F9 /* AppDelegate.swift in Sources */ = {isa = PBXBuildFile; fileRef = F39FFBA1215220E2007D83F9 /* AppDelegate.swift */; };
		F39FFBA4215220E2007D83F9 /* art.scnassets in Resources */ = {isa = PBXBuildFile; fileRef = F39FFBA3215220E2007D83F9 /* art.scnassets */; };
		F39FFBA6215220E2007D83F9 /* ViewController.swift in Sources */ = {isa = PBXBuildFile; fileRef = F39FFBA5215220E2007D83F9 /* ViewController.swift */; };
		F39FFBA9215220E2007D83F9 /* Main.storyboard in Resources */ = {isa = PBXBuildFile; fileRef = F39FFBA7215220E2007D83F9 /* Main.storyboard */; };
		F39FFBAB215220E3007D83F9 /* Assets.xcassets in Resources */ = {isa = PBXBuildFile; fileRef = F39FFBAA215220E3007D83F9 /* Assets.xcassets */; };
		F39FFBAE215220E3007D83F9 /* LaunchScreen.storyboard in Resources */ = {isa = PBXBuildFile; fileRef = F39FFBAC215220E3007D83F9 /* LaunchScreen.storyboard */; };
/* End PBXBuildFile section */

/* Begin PBXFileReference section */
		F39FFB9E215220E2007D83F9 /* arkit-playground.app */ = {isa = PBXFileReference; explicitFileType = wrapper.application; includeInIndex = 0; path = "arkit-playground.app"; sourceTree = BUILT_PRODUCTS_DIR; };
		F39FFBA1215220E2007D83F9 /* AppDelegate.swift */ = {isa = PBXFileReference; lastKnownFileType = sourcecode.swift; path = AppDelegate.swift; sourceTree = "<group>"; };
		F39FFBA3215220E2007D83F9 /* art.scnassets */ = {isa = PBXFileReference; lastKnownFileType = wrapper.scnassets; path = art.scnassets; sourceTree = "<group>"; };
		F39FFBA5215220E2007D83F9 /* ViewController.swift */ = {isa = PBXFileReference; lastKnownFileType = sourcecode.swift; path = ViewController.swift; sourceTree = "<group>"; };
		F39FFBA8215220E2007D83F9 /* Base */ = {isa = PBXFileReference; lastKnownFileType = file.storyboard; name = Base; path = Base.lproj/Main.storyboard; sourceTree = "<group>"; };
		F39FFBAA215220E3007D83F9 /* Assets.xcassets */ = {isa = PBXFileReference; lastKnownFileType = folder.assetcatalog; path = Assets.xcassets; sourceTree = "<group>"; };
		F39FFBAD215220E3007D83F9 /* Base */ = {isa = PBXFileReference; lastKnownFileType = file.storyboard; name = Base; path = Base.lproj/LaunchScreen.storyboard; sourceTree = "<group>"; };
		F39FFBAF215220E3007D83F9 /* Info.plist */ = {isa = PBXFileReference; lastKnownFileType = text.plist.xml; path = Info.plist; sourceTree = "<group>"; };
/* End PBXFileReference section */

/* Begin PBXFrameworksBuildPhase section */
		F39FFB9B215220E2007D83F9 /* Frameworks */ = {
			isa = PBXFrameworksBuildPhase;
			buildActionMask = 2147483647;
			files = (
			);
			runOnlyForDeploymentPostprocessing = 0;
		};
/* End PBXFrameworksBuildPhase section */

/* Begin PBXGroup section */
		F39FFB95215220E2007D83F9 = {
			isa = PBXGroup;
			children = (
				F39FFBA0215220E2007D83F9 /* arkit-playground */,
				F39FFB9F215220E2007D83F9 /* Products */,
			);
			sourceTree = "<group>";
		};
		F39FFB9F215220E2007D83F9 /* Products */ = {
			isa = PBXGroup;
			children = (
				F39FFB9E215220E2007D83F9 /* arkit-playground.app */,
			);
			name = Products;
			sourceTree = "<group>";
		};
		F39FFBA0215220E2007D83F9 /* arkit-playground */ = {
			isa = PBXGroup;
			children = (
				F39FFBA1215220E2007D83F9 /* AppDelegate.swift */,
				F39FFBA3215220E2007D83F9 /* art.scnassets */,
				F39FFBA5215220E2007D83F9 /* ViewController.swift */,
				F39FFBA7215220E2007D83F9 /* Main.storyboard */,
				F39FFBAA215220E3007D83F9 /* Assets.xcassets */,
				F39FFBAC215220E3007D83F9 /* LaunchScreen.storyboard */,
				F39FFBAF215220E3007D83F9 /* Info.plist */,
			);
			path = "arkit-playground";
			sourceTree = "<group>";
		};
/* End PBXGroup section */

/* Begin PBXNativeTarget section */
		F39FFB9D215220E2007D83F9 /* arkit-playground */ = {
			isa = PBXNativeTarget;
			buildConfigurationList = F39FFBB2215220E3007D83F9 /* Build configuration list for PBXNativeTarget "arkit-playground" */;
			buildPhases = (
				F39FFB9A215220E2007D83F9 /* Sources */,
				F39FFB9B215220E2007D83F9 /* Frameworks */,
				F39FFB9C215220E2007D83F9 /* Resources */,
			);
			buildRules = (
			);
			dependencies = (
			);
			name = "arkit-playground";
			productName = "arkit-playground";
			productReference = F39FFB9E215220E2007D83F9 /* arkit-playground.app */;
			productType = "com.apple.product-type.application";
		};
/* End PBXNativeTarget section */

/* Begin PBXProject section */
		F39FFB96215220E2007D83F9 /* Project object */ = {
			isa = PBXProject;
			attributes = {
				LastSwiftUpdateCheck = 0940;
				LastUpgradeCheck = 0940;
				ORGANIZATIONNAME = "Shimpei Takamatsu";
				TargetAttributes = {
					F39FFB9D215220E2007D83F9 = {
						CreatedOnToolsVersion = 9.4.1;
					};
				};
			};
			buildConfigurationList = F39FFB99215220E2007D83F9 /* Build configuration list for PBXProject "arkit-playground" */;
			compatibilityVersion = "Xcode 9.3";
			developmentRegion = en;
			hasScannedForEncodings = 0;
			knownRegions = (
				en,
				Base,
			);
			mainGroup = F39FFB95215220E2007D83F9;
			productRefGroup = F39FFB9F215220E2007D83F9 /* Products */;
			projectDirPath = "";
			projectRoot = "";
			targets = (
				F39FFB9D215220E2007D83F9 /* arkit-playground */,
			);
		};
/* End PBXProject section */

/* Begin PBXResourcesBuildPhase section */
		F39FFB9C215220E2007D83F9 /* Resources */ = {
			isa = PBXResourcesBuildPhase;
			buildActionMask = 2147483647;
			files = (
				F39FFBA4215220E2007D83F9 /* art.scnassets in Resources */,
				F39FFBAE215220E3007D83F9 /* LaunchScreen.storyboard in Resources */,
				F39FFBAB215220E3007D83F9 /* Assets.xcassets in Resources */,
				F39FFBA9215220E2007D83F9 /* Main.storyboard in Resources */,
			);
			runOnlyForDeploymentPostprocessing = 0;
		};
/* End PBXResourcesBuildPhase section */

/* Begin PBXSourcesBuildPhase section */
		F39FFB9A215220E2007D83F9 /* Sources */ = {
			isa = PBXSourcesBuildPhase;
			buildActionMask = 2147483647;
			files = (
				F39FFBA6215220E2007D83F9 /* ViewController.swift in Sources */,
				F39FFBA2215220E2007D83F9 /* AppDelegate.swift in Sources */,
			);
			runOnlyForDeploymentPostprocessing = 0;
		};
/* End PBXSourcesBuildPhase section */

/* Begin PBXVariantGroup section */
		F39FFBA7215220E2007D83F9 /* Main.storyboard */ = {
			isa = PBXVariantGroup;
			children = (
				F39FFBA8215220E2007D83F9 /* Base */,
			);
			name = Main.storyboard;
			sourceTree = "<group>";
		};
		F39FFBAC215220E3007D83F9 /* LaunchScreen.storyboard */ = {
			isa = PBXVariantGroup;
			children = (
				F39FFBAD215220E3007D83F9 /* Base */,
			);
			name = LaunchScreen.storyboard;
			sourceTree = "<group>";
		};
/* End PBXVariantGroup section */

/* Begin XCBuildConfiguration section */
		F39FFBB0215220E3007D83F9 /* Debug */ = {
			isa = XCBuildConfiguration;
			buildSettings = {
				ALWAYS_SEARCH_USER_PATHS = NO;
				CLANG_ANALYZER_NONNULL = YES;
				CLANG_ANALYZER_NUMBER_OBJECT_CONVERSION = YES_AGGRESSIVE;
				CLANG_CXX_LANGUAGE_STANDARD = "gnu++14";
				CLANG_CXX_LIBRARY = "libc++";
				CLANG_ENABLE_MODULES = YES;
				CLANG_ENABLE_OBJC_ARC = YES;
				CLANG_ENABLE_OBJC_WEAK = YES;
				CLANG_WARN_BLOCK_CAPTURE_AUTORELEASING = YES;
				CLANG_WARN_BOOL_CONVERSION = YES;
				CLANG_WARN_COMMA = YES;
				CLANG_WARN_CONSTANT_CONVERSION = YES;
				CLANG_WARN_DEPRECATED_OBJC_IMPLEMENTATIONS = YES;
				CLANG_WARN_DIRECT_OBJC_ISA_USAGE = YES_ERROR;
				CLANG_WARN_DOCUMENTATION_COMMENTS = YES;
				CLANG_WARN_EMPTY_BODY = YES;
				CLANG_WARN_ENUM_CONVERSION = YES;
				CLANG_WARN_INFINITE_RECURSION = YES;
				CLANG_WARN_INT_CONVERSION = YES;
				CLANG_WARN_NON_LITERAL_NULL_CONVERSION = YES;
				CLANG_WARN_OBJC_IMPLICIT_RETAIN_SELF = YES;
				CLANG_WARN_OBJC_LITERAL_CONVERSION = YES;
				CLANG_WARN_OBJC_ROOT_CLASS = YES_ERROR;
				CLANG_WARN_RANGE_LOOP_ANALYSIS = YES;
				CLANG_WARN_STRICT_PROTOTYPES = YES;
				CLANG_WARN_SUSPICIOUS_MOVE = YES;
				CLANG_WARN_UNGUARDED_AVAILABILITY = YES_AGGRESSIVE;
				CLANG_WARN_UNREACHABLE_CODE = YES;
				CLANG_WARN__DUPLICATE_METHOD_MATCH = YES;
				CODE_SIGN_IDENTITY = "iPhone Developer";
				COPY_PHASE_STRIP = NO;
				DEBUG_INFORMATION_FORMAT = dwarf;
				ENABLE_STRICT_OBJC_MSGSEND = YES;
				ENABLE_TESTABILITY = YES;
				GCC_C_LANGUAGE_STANDARD = gnu11;
				GCC_DYNAMIC_NO_PIC = NO;
				GCC_NO_COMMON_BLOCKS = YES;
				GCC_OPTIMIZATION_LEVEL = 0;
				GCC_PREPROCESSOR_DEFINITIONS = (
					"DEBUG=1",
					"$(inherited)",
				);
				GCC_WARN_64_TO_32_BIT_CONVERSION = YES;
				GCC_WARN_ABOUT_RETURN_TYPE = YES_ERROR;
				GCC_WARN_UNDECLARED_SELECTOR = YES;
				GCC_WARN_UNINITIALIZED_AUTOS = YES_AGGRESSIVE;
				GCC_WARN_UNUSED_FUNCTION = YES;
				GCC_WARN_UNUSED_VARIABLE = YES;
				IPHONEOS_DEPLOYMENT_TARGET = 11.4;
				MTL_ENABLE_DEBUG_INFO = YES;
				ONLY_ACTIVE_ARCH = YES;
				SDKROOT = iphoneos;
				SWIFT_ACTIVE_COMPILATION_CONDITIONS = DEBUG;
				SWIFT_OPTIMIZATION_LEVEL = "-Onone";
			};
			name = Debug;
		};
		F39FFBB1215220E3007D83F9 /* Release */ = {
			isa = XCBuildConfiguration;
			buildSettings = {
				ALWAYS_SEARCH_USER_PATHS = NO;
				CLANG_ANALYZER_NONNULL = YES;
				CLANG_ANALYZER_NUMBER_OBJECT_CONVERSION = YES_AGGRESSIVE;
				CLANG_CXX_LANGUAGE_STANDARD = "gnu++14";
				CLANG_CXX_LIBRARY = "libc++";
				CLANG_ENABLE_MODULES = YES;
				CLANG_ENABLE_OBJC_ARC = YES;
				CLANG_ENABLE_OBJC_WEAK = YES;
				CLANG_WARN_BLOCK_CAPTURE_AUTORELEASING = YES;
				CLANG_WARN_BOOL_CONVERSION = YES;
				CLANG_WARN_COMMA = YES;
				CLANG_WARN_CONSTANT_CONVERSION = YES;
				CLANG_WARN_DEPRECATED_OBJC_IMPLEMENTATIONS = YES;
				CLANG_WARN_DIRECT_OBJC_ISA_USAGE = YES_ERROR;
				CLANG_WARN_DOCUMENTATION_COMMENTS = YES;
				CLANG_WARN_EMPTY_BODY = YES;
				CLANG_WARN_ENUM_CONVERSION = YES;
				CLANG_WARN_INFINITE_RECURSION = YES;
				CLANG_WARN_INT_CONVERSION = YES;
				CLANG_WARN_NON_LITERAL_NULL_CONVERSION = YES;
				CLANG_WARN_OBJC_IMPLICIT_RETAIN_SELF = YES;
				CLANG_WARN_OBJC_LITERAL_CONVERSION = YES;
				CLANG_WARN_OBJC_ROOT_CLASS = YES_ERROR;
				CLANG_WARN_RANGE_LOOP_ANALYSIS = YES;
				CLANG_WARN_STRICT_PROTOTYPES = YES;
				CLANG_WARN_SUSPICIOUS_MOVE = YES;
				CLANG_WARN_UNGUARDED_AVAILABILITY = YES_AGGRESSIVE;
				CLANG_WARN_UNREACHABLE_CODE = YES;
				CLANG_WARN__DUPLICATE_METHOD_MATCH = YES;
				CODE_SIGN_IDENTITY = "iPhone Developer";
				COPY_PHASE_STRIP = NO;
				DEBUG_INFORMATION_FORMAT = "dwarf-with-dsym";
				ENABLE_NS_ASSERTIONS = NO;
				ENABLE_STRICT_OBJC_MSGSEND = YES;
				GCC_C_LANGUAGE_STANDARD = gnu11;
				GCC_NO_COMMON_BLOCKS = YES;
				GCC_WARN_64_TO_32_BIT_CONVERSION = YES;
				GCC_WARN_ABOUT_RETURN_TYPE = YES_ERROR;
				GCC_WARN_UNDECLARED_SELECTOR = YES;
				GCC_WARN_UNINITIALIZED_AUTOS = YES_AGGRESSIVE;
				GCC_WARN_UNUSED_FUNCTION = YES;
				GCC_WARN_UNUSED_VARIABLE = YES;
				IPHONEOS_DEPLOYMENT_TARGET = 11.4;
				MTL_ENABLE_DEBUG_INFO = NO;
				SDKROOT = iphoneos;
				SWIFT_COMPILATION_MODE = wholemodule;
				SWIFT_OPTIMIZATION_LEVEL = "-O";
				VALIDATE_PRODUCT = YES;
			};
			name = Release;
		};
		F39FFBB3215220E3007D83F9 /* Debug */ = {
			isa = XCBuildConfiguration;
			buildSettings = {
				ASSETCATALOG_COMPILER_APPICON_NAME = AppIcon;
				CODE_SIGN_STYLE = Automatic;
				DEVELOPMENT_TEAM = HJHXDDX8VZ;
				INFOPLIST_FILE = "arkit-playground/Info.plist";
				LD_RUNPATH_SEARCH_PATHS = (
					"$(inherited)",
					"@executable_path/Frameworks",
				);
				PRODUCT_BUNDLE_IDENTIFIER = "shimpei.arkit-playground";
				PRODUCT_NAME = "$(TARGET_NAME)";
				SWIFT_VERSION = 4.0;
				TARGETED_DEVICE_FAMILY = "1,2";
			};
			name = Debug;
		};
		F39FFBB4215220E3007D83F9 /* Release */ = {
			isa = XCBuildConfiguration;
			buildSettings = {
				ASSETCATALOG_COMPILER_APPICON_NAME = AppIcon;
				CODE_SIGN_STYLE = Automatic;
				DEVELOPMENT_TEAM = HJHXDDX8VZ;
				INFOPLIST_FILE = "arkit-playground/Info.plist";
				LD_RUNPATH_SEARCH_PATHS = (
					"$(inherited)",
					"@executable_path/Frameworks",
				);
				PRODUCT_BUNDLE_IDENTIFIER = "shimpei.arkit-playground";
				PRODUCT_NAME = "$(TARGET_NAME)";
				SWIFT_VERSION = 4.0;
				TARGETED_DEVICE_FAMILY = "1,2";
			};
			name = Release;
		};
/* End XCBuildConfiguration section */

/* Begin XCConfigurationList section */
		F39FFB99215220E2007D83F9 /* Build configuration list for PBXProject "arkit-playground" */ = {
			isa = XCConfigurationList;
			buildConfigurations = (
				F39FFBB0215220E3007D83F9 /* Debug */,
				F39FFBB1215220E3007D83F9 /* Release */,
			);
			defaultConfigurationIsVisible = 0;
			defaultConfigurationName = Release;
		};
		F39FFBB2215220E3007D83F9 /* Build configuration list for PBXNativeTarget "arkit-playground" */ = {
			isa = XCConfigurationList;
			buildConfigurations = (
				F39FFBB3215220E3007D83F9 /* Debug */,
				F39FFBB4215220E3007D83F9 /* Release */,
			);
			defaultConfigurationIsVisible = 0;
			defaultConfigurationName = Release;
		};
/* End XCConfigurationList section */
	};
	rootObject = F39FFB96215220E2007D83F9 /* Project object */;
}
